
Microsoft Visual Studio Solution File, Format Version 12.00
# Visual Studio Version 17
VisualStudioVersion = 17.5.002.0
MinimumVisualStudioVersion = 10.0.40219.1
Project("{9A19103F-16F7-4668-BE54-9A1E7A4F7556}") = "coffee_data_service", "coffee_data_service.csproj", "{9AB3B251-AD23-432A-802B-3FCD0A67EB62}"
EndProject
Global
	GlobalSection(SolutionConfigurationPlatforms) = preSolution
		Debug|Any CPU = Debug|Any CPU
		Release|Any CPU = Release|Any CPU
	EndGlobalSection
	GlobalSection(ProjectConfigurationPlatforms) = postSolution
		{9AB3B251-AD23-432A-802B-3FCD0A67EB62}.Debug|Any CPU.ActiveCfg = Debug|Any CPU
		{9AB3B251-AD23-432A-802B-3FCD0A67EB62}.Debug|Any CPU.Build.0 = Debug|Any CPU
		{9AB3B251-AD23-432A-802B-3FCD0A67EB62}.Release|Any CPU.ActiveCfg = Release|Any CPU
		{9AB3B251-AD23-432A-802B-3FCD0A67EB62}.Release|Any CPU.Build.0 = Release|Any CPU
	EndGlobalSection
	GlobalSection(SolutionProperties) = preSolution
		HideSolutionNode = FALSE
	EndGlobalSection
	GlobalSection(ExtensibilityGlobals) = postSolution
		SolutionGuid = {EDCAC173-4713-4FB5-8E71-3739958C1817}
	EndGlobalSection
EndGlobal
